
Microsoft Visual Studio Solution File, Format Version 12.00
# Visual Studio 14
VisualStudioVersion = 14.0.23107.0
MinimumVisualStudioVersion = 10.0.40219.1
Project("{FAE04EC0-301F-11D3-BF4B-00C04F79EFBC}") = "Connector.CcvShop", "Connector.CcvShop\Connector.CcvShop.csproj", "{9CB29AD9-CB5A-4F10-957C-CCA017BC9024}"
EndProject
Project("{FAE04EC0-301F-11D3-BF4B-00C04F79EFBC}") = "Connector.CcvShop.Interface", "Connector.CcvShop.Interface\Connector.CcvShop.Interface.csproj", "{39CA951B-5A2B-47C6-AEE2-3E227C2B8BA5}"
EndProject
Project("{FAE04EC0-301F-11D3-BF4B-00C04F79EFBC}") = "Connector.CcvShop.UnitTest", "Connector.CcvShop.UnitTest\Connector.CcvShop.UnitTest.csproj", "{44E7CDCA-07D5-436E-BB6F-139809FE6A11}"
EndProject
Global
	GlobalSection(SolutionConfigurationPlatforms) = preSolution
		Debug|Any CPU = Debug|Any CPU
		Debug|ARM = Debug|ARM
		Debug|x86 = Debug|x86
		Release|Any CPU = Release|Any CPU
		Release|ARM = Release|ARM
		Release|x86 = Release|x86
	EndGlobalSection
	GlobalSection(ProjectConfigurationPlatforms) = postSolution
		{9CB29AD9-CB5A-4F10-957C-CCA017BC9024}.Debug|Any CPU.ActiveCfg = Debug|Any CPU
		{9CB29AD9-CB5A-4F10-957C-CCA017BC9024}.Debug|Any CPU.Build.0 = Debug|Any CPU
		{9CB29AD9-CB5A-4F10-957C-CCA017BC9024}.Debug|ARM.ActiveCfg = Debug|Any CPU
		{9CB29AD9-CB5A-4F10-957C-CCA017BC9024}.Debug|ARM.Build.0 = Debug|Any CPU
		{9CB29AD9-CB5A-4F10-957C-CCA017BC9024}.Debug|x86.ActiveCfg = Debug|Any CPU
		{9CB29AD9-CB5A-4F10-957C-CCA017BC9024}.Debug|x86.Build.0 = Debug|Any CPU
		{9CB29AD9-CB5A-4F10-957C-CCA017BC9024}.Release|Any CPU.ActiveCfg = Release|Any CPU
		{9CB29AD9-CB5A-4F10-957C-CCA017BC9024}.Release|Any CPU.Build.0 = Release|Any CPU
		{9CB29AD9-CB5A-4F10-957C-CCA017BC9024}.Release|ARM.ActiveCfg = Release|Any CPU
		{9CB29AD9-CB5A-4F10-957C-CCA017BC9024}.Release|ARM.Build.0 = Release|Any CPU
		{9CB29AD9-CB5A-4F10-957C-CCA017BC9024}.Release|x86.ActiveCfg = Release|Any CPU
		{9CB29AD9-CB5A-4F10-957C-CCA017BC9024}.Release|x86.Build.0 = Release|Any CPU
		{39CA951B-5A2B-47C6-AEE2-3E227C2B8BA5}.Debug|Any CPU.ActiveCfg = Debug|Any CPU
		{39CA951B-5A2B-47C6-AEE2-3E227C2B8BA5}.Debug|Any CPU.Build.0 = Debug|Any CPU
		{39CA951B-5A2B-47C6-AEE2-3E227C2B8BA5}.Debug|ARM.ActiveCfg = Debug|Any CPU
		{39CA951B-5A2B-47C6-AEE2-3E227C2B8BA5}.Debug|ARM.Build.0 = Debug|Any CPU
		{39CA951B-5A2B-47C6-AEE2-3E227C2B8BA5}.Debug|x86.ActiveCfg = Debug|Any CPU
		{39CA951B-5A2B-47C6-AEE2-3E227C2B8BA5}.Debug|x86.Build.0 = Debug|Any CPU
		{39CA951B-5A2B-47C6-AEE2-3E227C2B8BA5}.Release|Any CPU.ActiveCfg = Release|Any CPU
		{39CA951B-5A2B-47C6-AEE2-3E227C2B8BA5}.Release|Any CPU.Build.0 = Release|Any CPU
		{39CA951B-5A2B-47C6-AEE2-3E227C2B8BA5}.Release|ARM.ActiveCfg = Release|Any CPU
		{39CA951B-5A2B-47C6-AEE2-3E227C2B8BA5}.Release|ARM.Build.0 = Release|Any CPU
		{39CA951B-5A2B-47C6-AEE2-3E227C2B8BA5}.Release|x86.ActiveCfg = Release|Any CPU
		{39CA951B-5A2B-47C6-AEE2-3E227C2B8BA5}.Release|x86.Build.0 = Release|Any CPU
		{44E7CDCA-07D5-436E-BB6F-139809FE6A11}.Debug|Any CPU.ActiveCfg = Debug|Any CPU
		{44E7CDCA-07D5-436E-BB6F-139809FE6A11}.Debug|Any CPU.Build.0 = Debug|Any CPU
		{44E7CDCA-07D5-436E-BB6F-139809FE6A11}.Debug|ARM.ActiveCfg = Debug|Any CPU
		{44E7CDCA-07D5-436E-BB6F-139809FE6A11}.Debug|ARM.Build.0 = Debug|Any CPU
		{44E7CDCA-07D5-436E-BB6F-139809FE6A11}.Debug|x86.ActiveCfg = Debug|Any CPU
		{44E7CDCA-07D5-436E-BB6F-139809FE6A11}.Debug|x86.Build.0 = Debug|Any CPU
		{44E7CDCA-07D5-436E-BB6F-139809FE6A11}.Release|Any CPU.ActiveCfg = Release|Any CPU
		{44E7CDCA-07D5-436E-BB6F-139809FE6A11}.Release|Any CPU.Build.0 = Release|Any CPU
		{44E7CDCA-07D5-436E-BB6F-139809FE6A11}.Release|ARM.ActiveCfg = Release|Any CPU
		{44E7CDCA-07D5-436E-BB6F-139809FE6A11}.Release|ARM.Build.0 = Release|Any CPU
		{44E7CDCA-07D5-436E-BB6F-139809FE6A11}.Release|x86.ActiveCfg = Release|Any CPU
		{44E7CDCA-07D5-436E-BB6F-139809FE6A11}.Release|x86.Build.0 = Release|Any CPU
	EndGlobalSection
	GlobalSection(SolutionProperties) = preSolution
		HideSolutionNode = FALSE
	EndGlobalSection
EndGlobal
